{
  "projects": [
    {
      "projectId": "caTPwKxj5ZrD9LQ7DMdK4Z",
      "version": "3.38.0",
      "dependencies": {},
      "lang": "ts",
      "fileLocks": [
        {
          "assetId": "caTPwKxj5ZrD9LQ7DMdK4Z",
          "type": "projectCss",
          "checksum": "e1ec850476829c38b0f9b6d4f7ac446a"
        }
      ],
      "codegenVersion": "0.0.1"
    },
    {
      "projectId": "oBJtsp5RgVpcN6KCrDTuQT",
      "version": "1.3.0",
      "dependencies": {},
      "lang": "ts",
      "fileLocks": [
        {
          "type": "globalVariant",
          "assetId": "BR2UhI7ulpvR",
          "checksum": "7dd3451831976b3b7f87519b09a8229b"
        },
        {
          "assetId": "oBJtsp5RgVpcN6KCrDTuQT",
          "type": "projectCss",
          "checksum": "c1c4e2808e07c97cfeb13d9cc075734c"
        },
        {
          "type": "icon",
          "assetId": "rDjUqSUK3eUM",
          "checksum": "a2a89126e9d4f94588ec08b80e2c8776"
        },
        {
          "type": "icon",
          "assetId": "r9Upp9NbiZkf",
          "checksum": "9d7ea21cac7322ef537972a599933b4b"
        },
        {
          "type": "icon",
          "assetId": "GHdF3hS-oP_3",
          "checksum": "02d3dfd561a8ed207de1008227b92020"
        },
        {
          "type": "icon",
          "assetId": "YXreB8gS3SjV",
          "checksum": "db4f070d03de3f905832203c543bcf6e"
        },
        {
          "type": "icon",
          "assetId": "aC_QFogxt1Ko",
          "checksum": "6e77d7eb5046aa0048f78c884358c59e"
        },
        {
          "type": "icon",
          "assetId": "GRY2zHJ6uxOn",
          "checksum": "d4d7dbba341312aa2aa30a59a3e493d8"
        },
        {
          "type": "icon",
          "assetId": "jHvDymIOvRnf",
          "checksum": "5c4030efdc719735eb9121618caa758c"
        },
        {
          "type": "icon",
          "assetId": "9zdEG9CdGbdC",
          "checksum": "0ab2e03013acdec1e2ec83b11b0a6b57"
        },
        {
          "type": "icon",
          "assetId": "7Dhq6fgU-utK",
          "checksum": "1f529b3973759c146e5c7c64efaef136"
        },
        {
          "type": "icon",
          "assetId": "J8ozh55UiWsA",
          "checksum": "8cf489b7683ac894d2333453da59dc10"
        },
        {
          "type": "icon",
          "assetId": "rW7v27ONOoUe",
          "checksum": "7b2b5f99b7f8a3fd8aaf5115b1c6d860"
        },
        {
          "type": "icon",
          "assetId": "4D7uZNf6OjbV",
          "checksum": "28642b07ebd327ffa1555216f81e4308"
        },
        {
          "type": "icon",
          "assetId": "e2zWN9c_lxv7",
          "checksum": "659d5226e2d363ff32eafb9be685386a"
        },
        {
          "type": "icon",
          "assetId": "WTtCf_1I-uMv",
          "checksum": "f1fa51e41b9e49a6b1d3ca0b56281d40"
        },
        {
          "type": "icon",
          "assetId": "eZfYsLpdWQA_",
          "checksum": "ce3f91d32ce41403b62e05b3f85bdccf"
        },
        {
          "type": "icon",
          "assetId": "NSxX1Iy4jDVL",
          "checksum": "f7ee94acc93a902b0b574c48fd0cf1a7"
        },
        {
          "type": "icon",
          "assetId": "dmfb3Ga2IoVt",
          "checksum": "0e165f3b8ff96008a34fc1559c5c5ebd"
        },
        {
          "type": "icon",
          "assetId": "BamIPHX72k5k",
          "checksum": "c80da7c2ab88ccff285cd60ba43f378b"
        },
        {
          "type": "icon",
          "assetId": "zb1oqVXdrxPK",
          "checksum": "07ad9dc6c5e57a37b9af8c86a61bb6bf"
        },
        {
          "type": "icon",
          "assetId": "oob3UzcKBsd_",
          "checksum": "48b18a7d0f3c7534678907f308ebd125"
        },
        {
          "type": "icon",
          "assetId": "qxWwW7vbw7na",
          "checksum": "5020e76547cd1c8acc6eee036b77141c"
        },
        {
          "type": "image",
          "assetId": "ijbf5URccsnE",
          "checksum": "871858b983feb6fdf32268fce7608bc6"
        }
      ],
      "codegenVersion": "0.0.1"
    },
    {
      "projectId": "sqPBLwEBBKHA2WDuGb17eV",
      "version": "2.1.0",
      "dependencies": {},
      "lang": "ts",
      "fileLocks": [
        {
          "assetId": "sqPBLwEBBKHA2WDuGb17eV",
          "type": "projectCss",
          "checksum": "e1ec850476829c38b0f9b6d4f7ac446a"
        },
        {
          "type": "renderModule",
          "assetId": "5nirPCGmCnRD",
          "checksum": "fd3c1fb813e8dbcf8e71b8e58c2f542a"
        },
        {
          "type": "cssRules",
          "assetId": "5nirPCGmCnRD",
          "checksum": "fd3c1fb813e8dbcf8e71b8e58c2f542a"
        },
        {
          "type": "icon",
          "assetId": "Wyt3GMMsLefj",
          "checksum": "d2b1886763aa016780501d0c22f50b5e"
        },
        {
          "type": "icon",
          "assetId": "MbDRsJU0e3bw",
          "checksum": "92672aa6935120ebaac11939d8d127bb"
        }
      ],
      "codegenVersion": "0.0.1"
    },
    {
      "projectId": "k6BnBuAUepzRX8Qs2WvkKs",
      "version": "0.3.0",
      "dependencies": {},
      "lang": "ts",
      "fileLocks": [
        {
          "assetId": "k6BnBuAUepzRX8Qs2WvkKs",
          "type": "projectCss",
          "checksum": "e1ec850476829c38b0f9b6d4f7ac446a"
        }
      ],
      "codegenVersion": "0.0.1"
    },
    {
      "projectId": "vqeFwpZFQ6buChy6T9PGwQ",
      "version": "0.10.0",
      "dependencies": {},
      "lang": "ts",
      "fileLocks": [
        {
          "assetId": "vqeFwpZFQ6buChy6T9PGwQ",
          "type": "projectCss",
          "checksum": "e1ec850476829c38b0f9b6d4f7ac446a"
        }
      ],
      "codegenVersion": "0.0.1"
    },
    {
      "projectId": "ohDidvG9XsCeFumugENU3J",
      "version": "6.26.0",
      "dependencies": {},
      "lang": "ts",
      "fileLocks": [
        {
          "assetId": "ohDidvG9XsCeFumugENU3J",
          "type": "projectCss",
          "checksum": "fd83b730367fdbde2c69bc6cf31c2a3c"
        },
        {
          "assetId": "ohDidvG9XsCeFumugENU3J",
          "checksum": "de0a0e65174a6a185a8f822af51c6bdd",
          "type": "globalContexts"
        }
      ],
      "codegenVersion": "0.0.1"
    },
    {
      "projectId": "a3pmZtcpA5asHkNtN3SGoF",
      "version": "0.3.0",
      "dependencies": {},
      "lang": "ts",
      "fileLocks": [
        {
          "assetId": "a3pmZtcpA5asHkNtN3SGoF",
          "type": "projectCss",
          "checksum": "e1ec850476829c38b0f9b6d4f7ac446a"
        }
      ],
      "codegenVersion": "0.0.1"
    },
    {
      "projectId": "YUiM7yqBWAqsh8KSnrdj7",
      "version": "0.31.0",
      "dependencies": {},
      "lang": "ts",
      "fileLocks": [
        {
          "assetId": "YUiM7yqBWAqsh8KSnrdj7",
          "type": "projectCss",
          "checksum": "dac72600b04b6e6a3014e82512a15fe1"
        }
      ],
      "codegenVersion": "0.0.1"
    },
    {
      "projectId": "h9Dbk9ygddw7UVEq1NNhKi",
      "version": "7.2.0",
      "dependencies": {
        "sqPBLwEBBKHA2WDuGb17eV": "2.1.0",
        "oBJtsp5RgVpcN6KCrDTuQT": "1.3.0",
        "caTPwKxj5ZrD9LQ7DMdK4Z": "3.38.0"
      },
      "lang": "ts",
      "fileLocks": [
        {
          "type": "globalVariant",
          "assetId": "QmLtHiTXdNxv",
          "checksum": "1e98dc47c933788088926d8b42faad7b"
        },
        {
          "assetId": "h9Dbk9ygddw7UVEq1NNhKi",
          "type": "projectCss",
          "checksum": "b51980bc2f5737b83d7829569bdcfeb6"
        },
        {
          "type": "renderModule",
          "assetId": "3i84rYjQRrs4",
          "checksum": "e6d605b5c9af0cf38c66721e4b226936"
        },
        {
          "type": "cssRules",
          "assetId": "3i84rYjQRrs4",
          "checksum": "e6d605b5c9af0cf38c66721e4b226936"
        },
        {
          "type": "renderModule",
          "assetId": "oVzoHzMf1TLl",
          "checksum": "d5e67227f97aaa7cddc3291ac32213f6"
        },
        {
          "type": "cssRules",
          "assetId": "oVzoHzMf1TLl",
          "checksum": "d5e67227f97aaa7cddc3291ac32213f6"
        },
        {
          "type": "renderModule",
          "assetId": "FJiI2-N1is_F",
          "checksum": "8a2bc396f3fede11ef6780326cda72da"
        },
        {
          "type": "cssRules",
          "assetId": "FJiI2-N1is_F",
          "checksum": "8a2bc396f3fede11ef6780326cda72da"
        },
        {
          "type": "renderModule",
          "assetId": "1bFBcAoH0lNN",
          "checksum": "8b518426d372f9d15bcfd13eaf01abbb"
        },
        {
          "type": "cssRules",
          "assetId": "1bFBcAoH0lNN",
          "checksum": "8b518426d372f9d15bcfd13eaf01abbb"
        },
        {
          "type": "renderModule",
          "assetId": "fa_t7ELXcm5k",
          "checksum": "069e8fb3a5374b399b96a0bf1e45e239"
        },
        {
          "type": "cssRules",
          "assetId": "fa_t7ELXcm5k",
          "checksum": "069e8fb3a5374b399b96a0bf1e45e239"
        },
        {
          "type": "renderModule",
          "assetId": "CZBpNouNw7Ui",
          "checksum": "c76bf15ca4797408040153661dab4272"
        },
        {
          "type": "cssRules",
          "assetId": "CZBpNouNw7Ui",
          "checksum": "c76bf15ca4797408040153661dab4272"
        },
        {
          "type": "renderModule",
          "assetId": "kYXN54tCkD2S",
          "checksum": "f5543e2dcd817bdb68b69985fee4b6e9"
        },
        {
          "type": "cssRules",
          "assetId": "kYXN54tCkD2S",
          "checksum": "f5543e2dcd817bdb68b69985fee4b6e9"
        },
        {
          "type": "icon",
          "assetId": "eCsLCdWP9DST",
          "checksum": "2bfc7e4636bd7e7fef59654fb0c1e3da"
        },
        {
          "type": "icon",
          "assetId": "xYtO5aWYRBvW",
          "checksum": "7d4e6a111d6640f786b347cca4d8ad15"
        },
        {
          "type": "icon",
          "assetId": "RqwNL88PjcHS",
          "checksum": "edb65584ff15c1e9446c973102b7dd81"
        },
        {
          "type": "icon",
          "assetId": "_Qaeb-4Y8N07",
          "checksum": "349d2c2c85d682cf036b8ef1aeb489aa"
        }
      ],
      "codegenVersion": "0.0.1"
    },
    {
      "projectId": "9g1e5LLLDS4TGJiaFCSEyH",
      "version": "latest",
      "dependencies": {
        "h9Dbk9ygddw7UVEq1NNhKi": "7.2.0",
        "oBJtsp5RgVpcN6KCrDTuQT": "1.3.0",
        "YUiM7yqBWAqsh8KSnrdj7": "0.31.0",
        "caTPwKxj5ZrD9LQ7DMdK4Z": "3.38.0",
        "sqPBLwEBBKHA2WDuGb17eV": "2.1.0",
        "a3pmZtcpA5asHkNtN3SGoF": "0.3.0",
        "ohDidvG9XsCeFumugENU3J": "6.26.0",
        "vqeFwpZFQ6buChy6T9PGwQ": "0.10.0",
        "k6BnBuAUepzRX8Qs2WvkKs": "0.3.0"
      },
      "lang": "ts",
      "fileLocks": [
        {
          "type": "globalVariant",
          "assetId": "fobTIRRaixGf",
          "checksum": "8ce3e5b6c76ffafac0dae490050f79cc"
        },
        {
          "assetId": "9g1e5LLLDS4TGJiaFCSEyH",
          "checksum": "eab286ef3c0ec88989c2bfe9a02b569d",
          "type": "globalContexts"
        },
        {
          "type": "renderModule",
          "assetId": "bTzKES7hyBjP",
          "checksum": "c4c4c3f636964f177b0f04a2cbf0454b"
        },
        {
          "type": "cssRules",
          "assetId": "bTzKES7hyBjP",
          "checksum": "c4c4c3f636964f177b0f04a2cbf0454b"
        },
        {
          "type": "renderModule",
          "assetId": "tPaqHhQ134RQ",
          "checksum": "619a6d8d6ec394ff9bd835934ac1dbad"
        },
        {
          "type": "cssRules",
          "assetId": "tPaqHhQ134RQ",
          "checksum": "619a6d8d6ec394ff9bd835934ac1dbad"
        },
        {
          "type": "renderModule",
          "assetId": "4D7TNkkkVIcw",
          "checksum": "4c90c53ab24385e3293798b8d3256c1d"
        },
        {
          "type": "cssRules",
          "assetId": "4D7TNkkkVIcw",
          "checksum": "4c90c53ab24385e3293798b8d3256c1d"
        },
        {
          "type": "renderModule",
          "assetId": "uw2UKvNlq2Yr",
          "checksum": "ef0e4813d34d8a526ba4b6eed46320cf"
        },
        {
          "type": "cssRules",
          "assetId": "uw2UKvNlq2Yr",
          "checksum": "ef0e4813d34d8a526ba4b6eed46320cf"
        },
        {
          "type": "renderModule",
          "assetId": "43GvxJ8wCSXI",
          "checksum": "083c21cdc75aeecd1710647f6f69e3f8"
        },
        {
          "type": "cssRules",
          "assetId": "43GvxJ8wCSXI",
          "checksum": "083c21cdc75aeecd1710647f6f69e3f8"
        },
        {
          "type": "renderModule",
          "assetId": "0zlB7TkmySN6",
          "checksum": "6593f7f376626c9724ace401f0befaaa"
        },
        {
          "type": "cssRules",
          "assetId": "0zlB7TkmySN6",
          "checksum": "6593f7f376626c9724ace401f0befaaa"
        },
        {
          "type": "renderModule",
          "assetId": "MLqyehnhnktP",
          "checksum": "1746c5b520df5d24c0cfd77f341adb2d"
        },
        {
          "type": "cssRules",
          "assetId": "MLqyehnhnktP",
          "checksum": "1746c5b520df5d24c0cfd77f341adb2d"
        },
        {
          "type": "renderModule",
          "assetId": "IkLsGKQP_uPj",
          "checksum": "fe8b2994fda7ed5134ceed751b573bbc"
        },
        {
          "type": "cssRules",
          "assetId": "IkLsGKQP_uPj",
          "checksum": "fe8b2994fda7ed5134ceed751b573bbc"
        },
        {
          "type": "renderModule",
          "assetId": "Y5f_I7uzx8ZQ",
          "checksum": "94d56527fdb2bf616738aa73dccc7841"
        },
        {
          "type": "cssRules",
          "assetId": "Y5f_I7uzx8ZQ",
          "checksum": "94d56527fdb2bf616738aa73dccc7841"
        },
        {
          "type": "renderModule",
          "assetId": "aW1julV8kikd",
          "checksum": "c4735ae79de156be65747781cb81377e"
        },
        {
          "type": "cssRules",
          "assetId": "aW1julV8kikd",
          "checksum": "c4735ae79de156be65747781cb81377e"
        },
        {
          "type": "renderModule",
          "assetId": "m0lwAXhykBZV",
          "checksum": "de5ee0a7bf72194eba175c75837ff3e6"
        },
        {
          "type": "cssRules",
          "assetId": "m0lwAXhykBZV",
          "checksum": "de5ee0a7bf72194eba175c75837ff3e6"
        },
        {
          "type": "renderModule",
          "assetId": "1AR8vXE8xbWC",
          "checksum": "b74ec49eba7744567ca3efa29b3356cb"
        },
        {
          "type": "cssRules",
          "assetId": "1AR8vXE8xbWC",
          "checksum": "b74ec49eba7744567ca3efa29b3356cb"
        },
        {
          "type": "renderModule",
          "assetId": "AuSNwEdbo4sV",
          "checksum": "68b5b8a9b7e3debed70774a5b3a69816"
        },
        {
          "type": "cssRules",
          "assetId": "AuSNwEdbo4sV",
          "checksum": "68b5b8a9b7e3debed70774a5b3a69816"
        },
        {
          "type": "renderModule",
          "assetId": "IDR0sAqN5tth",
          "checksum": "e960335471a6efca3f7114b1f5b8373b"
        },
        {
          "type": "cssRules",
          "assetId": "IDR0sAqN5tth",
          "checksum": "e960335471a6efca3f7114b1f5b8373b"
        },
        {
          "type": "renderModule",
          "assetId": "C-JgjGWfRxfZ",
          "checksum": "678f7432807eaa050eba5a16d005b144"
        },
        {
          "type": "cssRules",
          "assetId": "C-JgjGWfRxfZ",
          "checksum": "678f7432807eaa050eba5a16d005b144"
        },
        {
          "type": "renderModule",
          "assetId": "cC7zdFUmFheB",
          "checksum": "393958579a43404adcbf3f25eb913365"
        },
        {
          "type": "cssRules",
          "assetId": "cC7zdFUmFheB",
          "checksum": "393958579a43404adcbf3f25eb913365"
        },
        {
          "type": "renderModule",
          "assetId": "uyRQIX5cWWVm",
          "checksum": "d08e1a2c39f3a2331b4a1f0aa08a0666"
        },
        {
          "type": "cssRules",
          "assetId": "uyRQIX5cWWVm",
          "checksum": "d08e1a2c39f3a2331b4a1f0aa08a0666"
        },
        {
          "type": "renderModule",
          "assetId": "Ldv6iXPFQIne",
          "checksum": "50bb26fd7739d19bc6614cc88b7a82bf"
        },
        {
          "type": "cssRules",
          "assetId": "Ldv6iXPFQIne",
          "checksum": "50bb26fd7739d19bc6614cc88b7a82bf"
        },
        {
          "type": "renderModule",
          "assetId": "WbPt8L2jActx",
          "checksum": "ccf9a0da6d292c0039570051961f05e3"
        },
        {
          "type": "cssRules",
          "assetId": "WbPt8L2jActx",
          "checksum": "ccf9a0da6d292c0039570051961f05e3"
        },
        {
          "type": "renderModule",
          "assetId": "lSLy8Nehd6MM",
          "checksum": "db502788d9a9a343a19506287d057a63"
        },
        {
          "type": "cssRules",
          "assetId": "lSLy8Nehd6MM",
          "checksum": "db502788d9a9a343a19506287d057a63"
        },
        {
          "type": "renderModule",
          "assetId": "HoSiGshZZrMQ",
          "checksum": "1af084d8cf9719e7de9c5f96c7a6c620"
        },
        {
          "type": "cssRules",
          "assetId": "HoSiGshZZrMQ",
          "checksum": "1af084d8cf9719e7de9c5f96c7a6c620"
        },
        {
          "type": "renderModule",
          "assetId": "Ita2Jf6_aAkK",
          "checksum": "5bf7585f3cc05ccc207d42b03eb41758"
        },
        {
          "type": "cssRules",
          "assetId": "Ita2Jf6_aAkK",
          "checksum": "5bf7585f3cc05ccc207d42b03eb41758"
        },
        {
          "type": "renderModule",
          "assetId": "hYLHU_pJKp9-",
          "checksum": "ddcce7e4ce475f841a312ee7c3c45c13"
        },
        {
          "type": "cssRules",
          "assetId": "hYLHU_pJKp9-",
          "checksum": "ddcce7e4ce475f841a312ee7c3c45c13"
        },
        {
          "type": "renderModule",
          "assetId": "pk_8VfwTEmq0",
          "checksum": "efe4e743abbb820840628a48a6a6e338"
        },
        {
          "type": "cssRules",
          "assetId": "pk_8VfwTEmq0",
          "checksum": "efe4e743abbb820840628a48a6a6e338"
        },
        {
          "type": "renderModule",
          "assetId": "51ly1GErXHXh",
          "checksum": "96b4228891e00382b0856d91f30bc94f"
        },
        {
          "type": "cssRules",
          "assetId": "51ly1GErXHXh",
          "checksum": "96b4228891e00382b0856d91f30bc94f"
        },
        {
          "type": "renderModule",
          "assetId": "afJEDiTUc7Lt",
          "checksum": "ef2182184f99f39cae9f50cbd2762cf3"
        },
        {
          "type": "cssRules",
          "assetId": "afJEDiTUc7Lt",
          "checksum": "ef2182184f99f39cae9f50cbd2762cf3"
        },
        {
          "type": "renderModule",
          "assetId": "OnraYGfaX_Kh",
          "checksum": "c74d0d461dbfd53962eb05754834acfe"
        },
        {
          "type": "cssRules",
          "assetId": "OnraYGfaX_Kh",
          "checksum": "c74d0d461dbfd53962eb05754834acfe"
        },
        {
          "type": "renderModule",
          "assetId": "QMzVdopOLfBM",
          "checksum": "87ad2591a938dfc8ee899af01c0bfbb0"
        },
        {
          "type": "cssRules",
          "assetId": "QMzVdopOLfBM",
          "checksum": "87ad2591a938dfc8ee899af01c0bfbb0"
        },
        {
          "type": "renderModule",
          "assetId": "aO3nMrtaTkyI",
          "checksum": "e6fd5fe3d6c286b6c2c0ea4a31bff27e"
        },
        {
          "type": "cssRules",
          "assetId": "aO3nMrtaTkyI",
          "checksum": "e6fd5fe3d6c286b6c2c0ea4a31bff27e"
        },
        {
          "type": "renderModule",
          "assetId": "GvtgrqQf9C66",
          "checksum": "c519963eb6d0c4b7bbe78f8616d1be74"
        },
        {
          "type": "cssRules",
          "assetId": "GvtgrqQf9C66",
          "checksum": "c519963eb6d0c4b7bbe78f8616d1be74"
        },
        {
          "type": "renderModule",
          "assetId": "QT7G39QHkEwQ",
          "checksum": "828f4d3c418991b42ad388919dd0895f"
        },
        {
          "type": "cssRules",
          "assetId": "QT7G39QHkEwQ",
          "checksum": "828f4d3c418991b42ad388919dd0895f"
        },
        {
          "type": "renderModule",
          "assetId": "bBN7I3yc6plC",
          "checksum": "490e393d03fc7598e5a5efcf70ed8fd1"
        },
        {
          "type": "cssRules",
          "assetId": "bBN7I3yc6plC",
          "checksum": "490e393d03fc7598e5a5efcf70ed8fd1"
        },
        {
          "type": "renderModule",
          "assetId": "SCx7I85imXzG",
          "checksum": "d64d9536731156119b24c9c2a9348a59"
        },
        {
          "type": "cssRules",
          "assetId": "SCx7I85imXzG",
          "checksum": "d64d9536731156119b24c9c2a9348a59"
        },
        {
          "type": "renderModule",
          "assetId": "ERjsSdu3ls0T",
          "checksum": "5d98dde65a2a477ed5467b216b73cb75"
        },
        {
          "type": "cssRules",
          "assetId": "ERjsSdu3ls0T",
          "checksum": "5d98dde65a2a477ed5467b216b73cb75"
        },
        {
          "type": "renderModule",
          "assetId": "JRdpm2ALL90Q",
          "checksum": "8c846168298fc84042c65c5ae8395f66"
        },
        {
          "type": "cssRules",
          "assetId": "JRdpm2ALL90Q",
          "checksum": "8c846168298fc84042c65c5ae8395f66"
        },
        {
          "type": "renderModule",
          "assetId": "RPoKJwDI8F3t",
          "checksum": "f3c6cf52efeec6cf90ac5e1e20187c21"
        },
        {
          "type": "cssRules",
          "assetId": "RPoKJwDI8F3t",
          "checksum": "f3c6cf52efeec6cf90ac5e1e20187c21"
        },
        {
          "type": "renderModule",
          "assetId": "s9QYwyQBTqhJ",
          "checksum": "5c5fa579c117f5c2373cd310ed0ab140"
        },
        {
          "type": "cssRules",
          "assetId": "s9QYwyQBTqhJ",
          "checksum": "5c5fa579c117f5c2373cd310ed0ab140"
        },
        {
          "type": "renderModule",
          "assetId": "Rm8MeSoy4UAw",
          "checksum": "f1cf0faa47af4d5cc4e86032ffeb65b3"
        },
        {
          "type": "cssRules",
          "assetId": "Rm8MeSoy4UAw",
          "checksum": "f1cf0faa47af4d5cc4e86032ffeb65b3"
        },
        {
          "type": "renderModule",
          "assetId": "Hn899DdPmkT9",
          "checksum": "6fca4855e7d35b6bc86a897b6ad2e84c"
        },
        {
          "type": "cssRules",
          "assetId": "Hn899DdPmkT9",
          "checksum": "6fca4855e7d35b6bc86a897b6ad2e84c"
        },
        {
          "type": "renderModule",
          "assetId": "FvhQs2_HZKSE",
          "checksum": "67148f38e092dca1c74e6f6b36ad532f"
        },
        {
          "type": "cssRules",
          "assetId": "FvhQs2_HZKSE",
          "checksum": "67148f38e092dca1c74e6f6b36ad532f"
        },
        {
          "type": "renderModule",
          "assetId": "8VbbT-d7nJtc",
          "checksum": "844532716441b66785312ccfcc8ff3a4"
        },
        {
          "type": "cssRules",
          "assetId": "8VbbT-d7nJtc",
          "checksum": "844532716441b66785312ccfcc8ff3a4"
        },
        {
          "type": "renderModule",
          "assetId": "StTDWQBuYL05",
          "checksum": "5ac47611608e2f32b25e19141c5947e6"
        },
        {
          "type": "cssRules",
          "assetId": "StTDWQBuYL05",
          "checksum": "5ac47611608e2f32b25e19141c5947e6"
        },
        {
          "type": "renderModule",
          "assetId": "kyCg1wl1ZoV7",
          "checksum": "0ce0d1b832ef40a7b87868f9e6067470"
        },
        {
          "type": "cssRules",
          "assetId": "kyCg1wl1ZoV7",
          "checksum": "0ce0d1b832ef40a7b87868f9e6067470"
        },
        {
          "type": "renderModule",
          "assetId": "bwh2kDzd78mD",
          "checksum": "0774fd8e247ecdc302adf3e8ad78ac3d"
        },
        {
          "type": "cssRules",
          "assetId": "bwh2kDzd78mD",
          "checksum": "0774fd8e247ecdc302adf3e8ad78ac3d"
        },
        {
          "type": "renderModule",
          "assetId": "thJf7wC4giTS",
          "checksum": "796722c2db1a0ddbcdc7f0124d5b4f1c"
        },
        {
          "type": "cssRules",
          "assetId": "thJf7wC4giTS",
          "checksum": "796722c2db1a0ddbcdc7f0124d5b4f1c"
        },
        {
          "type": "renderModule",
          "assetId": "HbxtFj9vGYsX",
          "checksum": "054e6b9ef7c3cf452dcedc5060e75fa4"
        },
        {
          "type": "cssRules",
          "assetId": "HbxtFj9vGYsX",
          "checksum": "054e6b9ef7c3cf452dcedc5060e75fa4"
        },
        {
          "type": "renderModule",
          "assetId": "x8HL0N6mQMqd",
          "checksum": "3c9bd91841cf34447c268c132a95ed15"
        },
        {
          "type": "cssRules",
          "assetId": "x8HL0N6mQMqd",
          "checksum": "3c9bd91841cf34447c268c132a95ed15"
        },
        {
          "type": "renderModule",
          "assetId": "Ps0EHIUw0f7T",
          "checksum": "bfdce85d608ab70fed3d95a5fe0f7f94"
        },
        {
          "type": "cssRules",
          "assetId": "Ps0EHIUw0f7T",
          "checksum": "bfdce85d608ab70fed3d95a5fe0f7f94"
        },
        {
          "type": "renderModule",
          "assetId": "EopFrTj8edtV",
          "checksum": "a7ddc82dcb3d76a893fb21a835bb6bb2"
        },
        {
          "type": "cssRules",
          "assetId": "EopFrTj8edtV",
          "checksum": "a7ddc82dcb3d76a893fb21a835bb6bb2"
        },
        {
          "type": "renderModule",
          "assetId": "jvrHBi1Vmdv8",
          "checksum": "be256025b512713861d8cab3c0e308b1"
        },
        {
          "type": "cssRules",
          "assetId": "jvrHBi1Vmdv8",
          "checksum": "be256025b512713861d8cab3c0e308b1"
        },
        {
          "type": "renderModule",
          "assetId": "mlLx75iyGp5E",
          "checksum": "a103fca8042e4d1ca9997f2549e294ac"
        },
        {
          "type": "cssRules",
          "assetId": "mlLx75iyGp5E",
          "checksum": "a103fca8042e4d1ca9997f2549e294ac"
        },
        {
          "type": "renderModule",
          "assetId": "xGsQPPSWr2u9",
          "checksum": "dff9834c0ecae5b0dead765bfd45a237"
        },
        {
          "type": "cssRules",
          "assetId": "xGsQPPSWr2u9",
          "checksum": "dff9834c0ecae5b0dead765bfd45a237"
        },
        {
          "type": "renderModule",
          "assetId": "_Rp6tLXxWeJV",
          "checksum": "772c57b146bf1906509994fa1d004ba5"
        },
        {
          "type": "cssRules",
          "assetId": "_Rp6tLXxWeJV",
          "checksum": "772c57b146bf1906509994fa1d004ba5"
        },
        {
          "type": "renderModule",
          "assetId": "abv63v9O9ARy",
          "checksum": "339f409221c98b1c6c6fc6fc22598314"
        },
        {
          "type": "cssRules",
          "assetId": "abv63v9O9ARy",
          "checksum": "339f409221c98b1c6c6fc6fc22598314"
        },
        {
          "type": "renderModule",
          "assetId": "eYafZiJOKVtf",
          "checksum": "ecfe43e3547dda540426f077910185d5"
        },
        {
          "type": "cssRules",
          "assetId": "eYafZiJOKVtf",
          "checksum": "ecfe43e3547dda540426f077910185d5"
        },
        {
          "type": "renderModule",
          "assetId": "EB-Xw4Ecb7gM",
          "checksum": "10a3e3fe6bba7bd1d63356c34b44a2eb"
        },
        {
          "type": "cssRules",
          "assetId": "EB-Xw4Ecb7gM",
          "checksum": "10a3e3fe6bba7bd1d63356c34b44a2eb"
        },
        {
          "type": "renderModule",
          "assetId": "kkDbj8e0HCl3",
          "checksum": "ec0526496e51e2b3011e0dd818d8b95e"
        },
        {
          "type": "cssRules",
          "assetId": "kkDbj8e0HCl3",
          "checksum": "ec0526496e51e2b3011e0dd818d8b95e"
        },
        {
          "type": "renderModule",
          "assetId": "PIAFRsJicCGh",
          "checksum": "a29f0aef05ebd185547cbcc29cfefda6"
        },
        {
          "type": "cssRules",
          "assetId": "PIAFRsJicCGh",
          "checksum": "a29f0aef05ebd185547cbcc29cfefda6"
        },
        {
          "type": "renderModule",
          "assetId": "UGR3L7iEGIlw",
          "checksum": "0c6ff12839cd2b7afb3a2d96f8f119d1"
        },
        {
          "type": "cssRules",
          "assetId": "UGR3L7iEGIlw",
          "checksum": "0c6ff12839cd2b7afb3a2d96f8f119d1"
        },
        {
          "type": "renderModule",
          "assetId": "E1ah_bVnKUPF",
          "checksum": "15974c449d4ae17c3f86c806433722ad"
        },
        {
          "type": "cssRules",
          "assetId": "E1ah_bVnKUPF",
          "checksum": "15974c449d4ae17c3f86c806433722ad"
        },
        {
          "type": "renderModule",
          "assetId": "E4hp1BPnaz1R",
          "checksum": "96d4078cba705bfc96c58f1346038217"
        },
        {
          "type": "cssRules",
          "assetId": "E4hp1BPnaz1R",
          "checksum": "96d4078cba705bfc96c58f1346038217"
        },
        {
          "type": "renderModule",
          "assetId": "o4nq-6V2-plH",
          "checksum": "30fc41246db84400a35d1714411c2de8"
        },
        {
          "type": "cssRules",
          "assetId": "o4nq-6V2-plH",
          "checksum": "30fc41246db84400a35d1714411c2de8"
        },
        {
          "type": "renderModule",
          "assetId": "JABa_xxikfr0",
          "checksum": "691ad97f5ef0c8981e3be7a647466222"
        },
        {
          "type": "cssRules",
          "assetId": "JABa_xxikfr0",
          "checksum": "691ad97f5ef0c8981e3be7a647466222"
        },
        {
          "type": "renderModule",
          "assetId": "i6SPs9Tk2LaM",
          "checksum": "5d7c664a8b939f8f766e9803bc6f1198"
        },
        {
          "type": "cssRules",
          "assetId": "i6SPs9Tk2LaM",
          "checksum": "5d7c664a8b939f8f766e9803bc6f1198"
        },
        {
          "type": "renderModule",
          "assetId": "2QrXQ3Lsq6zG",
          "checksum": "969247c3b0fc12fda23cef7c67b6f688"
        },
        {
          "type": "cssRules",
          "assetId": "2QrXQ3Lsq6zG",
          "checksum": "969247c3b0fc12fda23cef7c67b6f688"
        },
        {
          "type": "renderModule",
          "assetId": "xcx15_gUi62a",
          "checksum": "2a704f124c082abb58fdf94d2a156301"
        },
        {
          "type": "cssRules",
          "assetId": "xcx15_gUi62a",
          "checksum": "2a704f124c082abb58fdf94d2a156301"
        },
        {
          "type": "renderModule",
          "assetId": "ZGi1LAR5yxN_",
          "checksum": "3bbca66012aadcdd6fb98b950627eb01"
        },
        {
          "type": "cssRules",
          "assetId": "ZGi1LAR5yxN_",
          "checksum": "3bbca66012aadcdd6fb98b950627eb01"
        },
        {
          "type": "renderModule",
          "assetId": "x5b7hK4cfrsH",
          "checksum": "ec930e39b8206beb0128dd89d3151e60"
        },
        {
          "type": "cssRules",
          "assetId": "x5b7hK4cfrsH",
          "checksum": "ec930e39b8206beb0128dd89d3151e60"
        },
        {
          "type": "icon",
          "assetId": "BMYyZW6g83gg",
          "checksum": "55c23c23ff5b1cd7d9439e2376bd5e88"
        },
        {
          "type": "icon",
          "assetId": "0RFRFbiZZc8Z",
          "checksum": "00c1c0b577a709768d5b7fe17896472e"
        },
        {
          "type": "icon",
          "assetId": "euu18ryAtnAt",
          "checksum": "e8a001620d47a8f31f248c71cecf7616"
        },
        {
          "type": "icon",
          "assetId": "YNCiTLFL-fSE",
          "checksum": "707e7089a6e08feae7474826aa794de7"
        },
        {
          "type": "icon",
          "assetId": "VwLeMZcZaumF",
          "checksum": "89d76bcf65b8e155d75864745d6917bc"
        },
        {
          "type": "icon",
          "assetId": "SUgNEqYWmuPX",
          "checksum": "914e566a9ed0150723089e631216a4c2"
        },
        {
          "type": "icon",
          "assetId": "vyArbbpHyA3h",
          "checksum": "006b85115a7b589ddd9ad1e1770a2210"
        },
        {
          "type": "icon",
          "assetId": "fNYF7afgfzXN",
          "checksum": "49e26f0cc7376ad3b9761462fe9f90cc"
        },
        {
          "type": "icon",
          "assetId": "q8mRvXMvOrv9",
          "checksum": "d3a0cf7044d3a8d7c158de666e1ce7fd"
        },
        {
          "type": "icon",
          "assetId": "aBX_x4m3kqGw",
          "checksum": "8f066816a57ef9e50519c0830b1f10d4"
        },
        {
          "type": "icon",
          "assetId": "z62U0rB8gsLE",
          "checksum": "23e920c190611fe4e0373ac28521cc02"
        },
        {
          "type": "icon",
          "assetId": "A_JqnLEABz_O",
          "checksum": "a4376ded696981d827283478c0fa9d98"
        },
        {
          "type": "icon",
          "assetId": "cy5yktmzSZwD",
          "checksum": "0ad368d7b52b3c9be3a6ab00ed81f328"
        },
        {
          "type": "icon",
          "assetId": "-MDfk7M6FyZh",
          "checksum": "900d9b3b585b3019577cd25c93552491"
        },
        {
          "type": "icon",
          "assetId": "myuWpZoZw4pf",
          "checksum": "8d8695e282221c239c57c2e58f0aa06d"
        },
        {
          "type": "icon",
          "assetId": "WD9d-X_nOEzc",
          "checksum": "50c3c2d459322fce89ae6e7012f71336"
        },
        {
          "type": "icon",
          "assetId": "BN2FHeznHhq_",
          "checksum": "ba08d3c99b86512df82d0b72e28ed607"
        },
        {
          "type": "icon",
          "assetId": "5cHhSNd_qbK2",
          "checksum": "d412aa79e2a1a709d7ae3f7f8034a688"
        },
        {
          "type": "icon",
          "assetId": "jRnh11j7PY60",
          "checksum": "3c1a29f01d32b910ec3f8845be741ca1"
        },
        {
          "type": "icon",
          "assetId": "HIVxXykiyWcr",
          "checksum": "0f9bf2707a2056b65b78c0b30175bcbc"
        },
        {
          "type": "icon",
          "assetId": "tgZrqAaEEOY7",
          "checksum": "ed769b4fdeba6860e7ecb62d52c7b9ba"
        },
        {
          "type": "icon",
          "assetId": "dLXaRsSSHo3S",
          "checksum": "4c8b76f4867f0538fa4cfe1fa5c266c9"
        },
        {
          "type": "icon",
          "assetId": "8j1U_g9afFrU",
          "checksum": "87704eeb6e8bb83bbe2c8cbfed93a297"
        },
        {
          "type": "icon",
          "assetId": "0ELPoF5hq6sg",
          "checksum": "3e2ca39c5e04a720c5ab63a5ef0ce58d"
        },
        {
          "type": "icon",
          "assetId": "IETA_lWaQX-x",
          "checksum": "2a5b93cfe39ded5b3b3bf10417c8ff22"
        },
        {
          "type": "icon",
          "assetId": "BizSW9L3o2cq",
          "checksum": "c3400c5adb661304b952796d88a00240"
        },
        {
          "type": "icon",
          "assetId": "-Tz8F-qJqqkr",
          "checksum": "8381750865c0b8be48d180d603ca0b6a"
        },
        {
          "type": "icon",
          "assetId": "SV5KLB2o79W4",
          "checksum": "fdf7a4b6a7d2487a99f4b374c6ad4b01"
        },
        {
          "type": "icon",
          "assetId": "vGTIEbeC2hCv",
          "checksum": "bbd6026c2b22b58e199b29cb467cace8"
        },
        {
          "type": "icon",
          "assetId": "25ksKHakGphW",
          "checksum": "02b9df2e03d597a17044d2efe10a96d4"
        },
        {
          "type": "icon",
          "assetId": "WiLor5jWTYZW",
          "checksum": "a3ee1b13b5c5ad46be15279c99a570e4"
        },
        {
          "type": "icon",
          "assetId": "FRDdMgt8RmzU",
          "checksum": "5de571a780440ac931b27ec6463a73ba"
        },
        {
          "type": "icon",
          "assetId": "frSwMvWOgAN1",
          "checksum": "3341724f07d04a6ed0de3dd17637ea23"
        },
        {
          "type": "icon",
          "assetId": "_jqfq3yh1NEC",
          "checksum": "35095c0dfbbe97ab2b5ee3d237eaa8dd"
        },
        {
          "type": "icon",
          "assetId": "jhZk-kRqJ6_T",
          "checksum": "f8ffa7695f36e71ce128bcd9f1f07f5f"
        },
        {
          "type": "icon",
          "assetId": "4BN4Jr3XKtOg",
          "checksum": "ce140c4b3c049861c80a8a69c11393c7"
        },
        {
          "type": "icon",
          "assetId": "kLd3FZ1H9HBS",
          "checksum": "c0cccc8e4a7e5284666fbe0f38c265ed"
        },
        {
          "type": "icon",
          "assetId": "WipT2Hen4ot8",
          "checksum": "75f5d9a0888c10b04aac02ab2b24b8a0"
        },
        {
          "type": "icon",
          "assetId": "z4LkEdXxME3x",
          "checksum": "be9bc3e5ef3fbf94acf0730e6643e21f"
        },
        {
          "type": "icon",
          "assetId": "01c_66jVlqBW",
          "checksum": "990ddfa191525f4bb3f7c38dbf9d0c0d"
        },
        {
          "type": "image",
          "assetId": "j1pw1ZfXNSvB",
          "checksum": "ea49f1c72c329b14e94d33beeb065214"
        },
        {
          "type": "image",
          "assetId": "OjzCrWm2xhbS",
          "checksum": "03704ddaa1e38b93e2bdaf93ca7cacf7"
        },
        {
          "type": "image",
          "assetId": "iAe3m1ZML0lV",
          "checksum": "dc7bf0efdc983a001b9b754069f7e9c4"
        },
        {
          "type": "image",
          "assetId": "0UtU1OleGJ-d",
          "checksum": "585f7c211ac2efc3a30d1df0ebe29ea4"
        },
        {
          "type": "image",
          "assetId": "cCaqWSA_p_Sd",
          "checksum": "237987e2f403aab18ceb0a6299d5d512"
        },
        {
          "type": "image",
          "assetId": "e-9oUwtxve1P",
          "checksum": "e8a1913483ef90d06753a3a2c833e390"
        },
        {
          "type": "image",
          "assetId": "jZGB1UN8jjQ5",
          "checksum": "b9a65cb542569b96bbc55dd278f73976"
        },
        {
          "type": "image",
          "assetId": "iZRmKMDCFCJz",
          "checksum": "6284136d7d658233bc30cda9f5e8d7a1"
        },
        {
          "type": "image",
          "assetId": "BKPi8rJVQd-I",
          "checksum": "7a14c737e5e5ad55db3daf7aee379285"
        },
        {
          "assetId": "9g1e5LLLDS4TGJiaFCSEyH",
          "type": "projectCss",
          "checksum": "ee1e4929d411e59a7ea177b9828ce3f7"
        },
        {
          "type": "renderModule",
          "assetId": "5mAkTTfpSFtI",
          "checksum": "4c3dc737aa81c8809dfc9b45873f2066"
        },
        {
          "type": "cssRules",
          "assetId": "5mAkTTfpSFtI",
          "checksum": "4c3dc737aa81c8809dfc9b45873f2066"
        },
        {
          "type": "icon",
          "assetId": "Pu6FdA6kdBUA",
          "checksum": "5bf2f9ce20fdf956286162364d2e4e5c"
        }
      ],
      "codegenVersion": "0.0.1"
    }
  ],
  "cliVersion": "0.1.334"
}
