{
  "projects": [
    {
      "projectId": "caTPwKxj5ZrD9LQ7DMdK4Z",
      "version": "3.36.0",
      "dependencies": {},
      "lang": "ts",
      "fileLocks": [
        {
          "assetId": "caTPwKxj5ZrD9LQ7DMdK4Z",
          "type": "projectCss",
          "checksum": "e1ec850476829c38b0f9b6d4f7ac446a"
        }
      ],
      "codegenVersion": "0.0.1"
    },
    {
      "projectId": "oBJtsp5RgVpcN6KCrDTuQT",
      "version": "1.3.0",
      "dependencies": {},
      "lang": "ts",
      "fileLocks": [
        {
          "type": "globalVariant",
          "assetId": "BR2UhI7ulpvR",
          "checksum": "7dd3451831976b3b7f87519b09a8229b"
        },
        {
          "assetId": "oBJtsp5RgVpcN6KCrDTuQT",
          "type": "projectCss",
          "checksum": "c1c4e2808e07c97cfeb13d9cc075734c"
        },
        {
          "type": "icon",
          "assetId": "rDjUqSUK3eUM",
          "checksum": "a2a89126e9d4f94588ec08b80e2c8776"
        },
        {
          "type": "icon",
          "assetId": "r9Upp9NbiZkf",
          "checksum": "9d7ea21cac7322ef537972a599933b4b"
        },
        {
          "type": "icon",
          "assetId": "GHdF3hS-oP_3",
          "checksum": "02d3dfd561a8ed207de1008227b92020"
        },
        {
          "type": "icon",
          "assetId": "YXreB8gS3SjV",
          "checksum": "db4f070d03de3f905832203c543bcf6e"
        },
        {
          "type": "icon",
          "assetId": "aC_QFogxt1Ko",
          "checksum": "6e77d7eb5046aa0048f78c884358c59e"
        },
        {
          "type": "icon",
          "assetId": "GRY2zHJ6uxOn",
          "checksum": "d4d7dbba341312aa2aa30a59a3e493d8"
        },
        {
          "type": "icon",
          "assetId": "jHvDymIOvRnf",
          "checksum": "5c4030efdc719735eb9121618caa758c"
        },
        {
          "type": "icon",
          "assetId": "9zdEG9CdGbdC",
          "checksum": "0ab2e03013acdec1e2ec83b11b0a6b57"
        },
        {
          "type": "icon",
          "assetId": "7Dhq6fgU-utK",
          "checksum": "1f529b3973759c146e5c7c64efaef136"
        },
        {
          "type": "icon",
          "assetId": "J8ozh55UiWsA",
          "checksum": "8cf489b7683ac894d2333453da59dc10"
        },
        {
          "type": "icon",
          "assetId": "rW7v27ONOoUe",
          "checksum": "7b2b5f99b7f8a3fd8aaf5115b1c6d860"
        },
        {
          "type": "icon",
          "assetId": "4D7uZNf6OjbV",
          "checksum": "28642b07ebd327ffa1555216f81e4308"
        },
        {
          "type": "icon",
          "assetId": "e2zWN9c_lxv7",
          "checksum": "659d5226e2d363ff32eafb9be685386a"
        },
        {
          "type": "icon",
          "assetId": "WTtCf_1I-uMv",
          "checksum": "f1fa51e41b9e49a6b1d3ca0b56281d40"
        },
        {
          "type": "icon",
          "assetId": "eZfYsLpdWQA_",
          "checksum": "0101f8083cb5bdd134a753220e14aba9"
        },
        {
          "type": "icon",
          "assetId": "NSxX1Iy4jDVL",
          "checksum": "f7ee94acc93a902b0b574c48fd0cf1a7"
        },
        {
          "type": "icon",
          "assetId": "dmfb3Ga2IoVt",
          "checksum": "0e165f3b8ff96008a34fc1559c5c5ebd"
        },
        {
          "type": "icon",
          "assetId": "BamIPHX72k5k",
          "checksum": "c80da7c2ab88ccff285cd60ba43f378b"
        },
        {
          "type": "icon",
          "assetId": "zb1oqVXdrxPK",
          "checksum": "07ad9dc6c5e57a37b9af8c86a61bb6bf"
        },
        {
          "type": "icon",
          "assetId": "oob3UzcKBsd_",
          "checksum": "48b18a7d0f3c7534678907f308ebd125"
        },
        {
          "type": "icon",
          "assetId": "qxWwW7vbw7na",
          "checksum": "5020e76547cd1c8acc6eee036b77141c"
        },
        {
          "type": "image",
          "assetId": "ijbf5URccsnE",
          "checksum": "871858b983feb6fdf32268fce7608bc6"
        }
      ],
      "codegenVersion": "0.0.1"
    },
    {
      "projectId": "sqPBLwEBBKHA2WDuGb17eV",
      "version": "0.12.0",
      "dependencies": {},
      "lang": "ts",
      "fileLocks": [
        {
          "assetId": "sqPBLwEBBKHA2WDuGb17eV",
          "type": "projectCss",
          "checksum": "e1ec850476829c38b0f9b6d4f7ac446a"
        },
        {
          "type": "renderModule",
          "assetId": "5nirPCGmCnRD",
          "checksum": "0c1cdc284c9c108dda6d11f28deac246"
        },
        {
          "type": "cssRules",
          "assetId": "5nirPCGmCnRD",
          "checksum": "0c1cdc284c9c108dda6d11f28deac246"
        },
        {
          "type": "icon",
          "assetId": "Wyt3GMMsLefj",
          "checksum": "d8c88f04735c43b3f7790b0889d20e0c"
        },
        {
          "type": "icon",
          "assetId": "MbDRsJU0e3bw",
          "checksum": "92672aa6935120ebaac11939d8d127bb"
        }
      ],
      "codegenVersion": "0.0.1"
    },
    {
      "projectId": "YUiM7yqBWAqsh8KSnrdj7",
      "version": "0.29.0",
      "dependencies": {},
      "lang": "ts",
      "fileLocks": [
        {
          "assetId": "YUiM7yqBWAqsh8KSnrdj7",
          "type": "projectCss",
          "checksum": "dac72600b04b6e6a3014e82512a15fe1"
        }
      ],
      "codegenVersion": "0.0.1"
    },
    {
      "projectId": "h9Dbk9ygddw7UVEq1NNhKi",
      "version": "5.6.1",
      "dependencies": {
        "sqPBLwEBBKHA2WDuGb17eV": "0.12.0",
        "oBJtsp5RgVpcN6KCrDTuQT": "1.3.0",
        "caTPwKxj5ZrD9LQ7DMdK4Z": "3.36.0"
      },
      "lang": "ts",
      "fileLocks": [
        {
          "type": "globalVariant",
          "assetId": "QmLtHiTXdNxv",
          "checksum": "1e98dc47c933788088926d8b42faad7b"
        },
        {
          "assetId": "h9Dbk9ygddw7UVEq1NNhKi",
          "type": "projectCss",
          "checksum": "6ccf4842cba7448b945e26f04cbb0876"
        },
        {
          "type": "renderModule",
          "assetId": "Rg8wZ0CpGCye",
          "checksum": "7de4ed3c46569ac92a0d32bfe3ee9015"
        },
        {
          "type": "cssRules",
          "assetId": "Rg8wZ0CpGCye",
          "checksum": "7de4ed3c46569ac92a0d32bfe3ee9015"
        },
        {
          "type": "renderModule",
          "assetId": "3i84rYjQRrs4",
          "checksum": "9848c3f83966f7ab708b4763e891d95b"
        },
        {
          "type": "cssRules",
          "assetId": "3i84rYjQRrs4",
          "checksum": "9848c3f83966f7ab708b4763e891d95b"
        },
        {
          "type": "renderModule",
          "assetId": "oVzoHzMf1TLl",
          "checksum": "a4b1e0d1f34571005f3b16a5682fe2a6"
        },
        {
          "type": "cssRules",
          "assetId": "oVzoHzMf1TLl",
          "checksum": "a4b1e0d1f34571005f3b16a5682fe2a6"
        },
        {
          "type": "renderModule",
          "assetId": "FJiI2-N1is_F",
          "checksum": "43adf5f3f3d369a08d770c217e8eafbd"
        },
        {
          "type": "cssRules",
          "assetId": "FJiI2-N1is_F",
          "checksum": "43adf5f3f3d369a08d770c217e8eafbd"
        },
        {
          "type": "renderModule",
          "assetId": "1bFBcAoH0lNN",
          "checksum": "777da65c6c54013ffccff2d6a76bee69"
        },
        {
          "type": "cssRules",
          "assetId": "1bFBcAoH0lNN",
          "checksum": "777da65c6c54013ffccff2d6a76bee69"
        },
        {
          "type": "renderModule",
          "assetId": "fa_t7ELXcm5k",
          "checksum": "1d6e010bace4aec4cf7cf89fde33f5fc"
        },
        {
          "type": "cssRules",
          "assetId": "fa_t7ELXcm5k",
          "checksum": "1d6e010bace4aec4cf7cf89fde33f5fc"
        },
        {
          "type": "renderModule",
          "assetId": "CZBpNouNw7Ui",
          "checksum": "d0713a43c27ac4500b1712eddc58d86b"
        },
        {
          "type": "cssRules",
          "assetId": "CZBpNouNw7Ui",
          "checksum": "d0713a43c27ac4500b1712eddc58d86b"
        },
        {
          "type": "icon",
          "assetId": "eCsLCdWP9DST",
          "checksum": "2bfc7e4636bd7e7fef59654fb0c1e3da"
        },
        {
          "type": "icon",
          "assetId": "xYtO5aWYRBvW",
          "checksum": "7d4e6a111d6640f786b347cca4d8ad15"
        },
        {
          "type": "icon",
          "assetId": "RqwNL88PjcHS",
          "checksum": "6badb8523227390be7d483f204068e0f"
        },
        {
          "type": "icon",
          "assetId": "_Qaeb-4Y8N07",
          "checksum": "986d20e143c950555b56927eace6c778"
        }
      ],
      "codegenVersion": "0.0.1"
    },
    {
      "projectId": "9g1e5LLLDS4TGJiaFCSEyH",
      "version": "latest",
      "dependencies": {
        "h9Dbk9ygddw7UVEq1NNhKi": "5.6.1",
        "oBJtsp5RgVpcN6KCrDTuQT": "1.3.0",
        "YUiM7yqBWAqsh8KSnrdj7": "0.29.0",
        "caTPwKxj5ZrD9LQ7DMdK4Z": "3.36.0",
        "sqPBLwEBBKHA2WDuGb17eV": "0.12.0",
        "a3pmZtcpA5asHkNtN3SGoF": "0.3.0",
        "ohDidvG9XsCeFumugENU3J": "6.24.0"
      },
      "lang": "ts",
      "fileLocks": [
        {
          "type": "globalVariant",
          "assetId": "fobTIRRaixGf",
          "checksum": "8ce3e5b6c76ffafac0dae490050f79cc"
        },
        {
          "assetId": "9g1e5LLLDS4TGJiaFCSEyH",
          "checksum": "d625734e677eb707e3574624899eaa2c",
          "type": "globalContexts"
        },
        {
          "type": "renderModule",
          "assetId": "bTzKES7hyBjP",
          "checksum": "391c127d4a443242b4dae72c80c7f266"
        },
        {
          "type": "cssRules",
          "assetId": "bTzKES7hyBjP",
          "checksum": "391c127d4a443242b4dae72c80c7f266"
        },
        {
          "type": "renderModule",
          "assetId": "tPaqHhQ134RQ",
          "checksum": "b13b919b2b5dac5fa49dd8aba95118a4"
        },
        {
          "type": "cssRules",
          "assetId": "tPaqHhQ134RQ",
          "checksum": "b13b919b2b5dac5fa49dd8aba95118a4"
        },
        {
          "type": "renderModule",
          "assetId": "4D7TNkkkVIcw",
          "checksum": "a89219b2e41c65ce953b5ba1aae2b2ce"
        },
        {
          "type": "cssRules",
          "assetId": "4D7TNkkkVIcw",
          "checksum": "a89219b2e41c65ce953b5ba1aae2b2ce"
        },
        {
          "type": "renderModule",
          "assetId": "uw2UKvNlq2Yr",
          "checksum": "b222530f32cd69c5dc699fb2e2318723"
        },
        {
          "type": "cssRules",
          "assetId": "uw2UKvNlq2Yr",
          "checksum": "b222530f32cd69c5dc699fb2e2318723"
        },
        {
          "type": "renderModule",
          "assetId": "43GvxJ8wCSXI",
          "checksum": "c8df26605ff456647fd928051217e13f"
        },
        {
          "type": "cssRules",
          "assetId": "43GvxJ8wCSXI",
          "checksum": "c8df26605ff456647fd928051217e13f"
        },
        {
          "type": "renderModule",
          "assetId": "0zlB7TkmySN6",
          "checksum": "c78fb42b6400d7706acd5c477455e466"
        },
        {
          "type": "cssRules",
          "assetId": "0zlB7TkmySN6",
          "checksum": "c78fb42b6400d7706acd5c477455e466"
        },
        {
          "type": "renderModule",
          "assetId": "MLqyehnhnktP",
          "checksum": "161ead30b063a6ae69b6d4a1f4925ca9"
        },
        {
          "type": "cssRules",
          "assetId": "MLqyehnhnktP",
          "checksum": "161ead30b063a6ae69b6d4a1f4925ca9"
        },
        {
          "type": "renderModule",
          "assetId": "IkLsGKQP_uPj",
          "checksum": "5c0e9962e005ef547fd6e36c044ccc18"
        },
        {
          "type": "cssRules",
          "assetId": "IkLsGKQP_uPj",
          "checksum": "5c0e9962e005ef547fd6e36c044ccc18"
        },
        {
          "type": "renderModule",
          "assetId": "Y5f_I7uzx8ZQ",
          "checksum": "150ca207fa4d8d88c7bcea5d058b13ab"
        },
        {
          "type": "cssRules",
          "assetId": "Y5f_I7uzx8ZQ",
          "checksum": "150ca207fa4d8d88c7bcea5d058b13ab"
        },
        {
          "type": "renderModule",
          "assetId": "aW1julV8kikd",
          "checksum": "cb68cf4b157b3ca41bb12ac2e7d15b34"
        },
        {
          "type": "cssRules",
          "assetId": "aW1julV8kikd",
          "checksum": "cb68cf4b157b3ca41bb12ac2e7d15b34"
        },
        {
          "type": "renderModule",
          "assetId": "m0lwAXhykBZV",
          "checksum": "448216918ff7f902fd1cfe35cb1f2f13"
        },
        {
          "type": "cssRules",
          "assetId": "m0lwAXhykBZV",
          "checksum": "448216918ff7f902fd1cfe35cb1f2f13"
        },
        {
          "type": "renderModule",
          "assetId": "1AR8vXE8xbWC",
          "checksum": "0cc34c59e45acfd7876d0e16813cad52"
        },
        {
          "type": "cssRules",
          "assetId": "1AR8vXE8xbWC",
          "checksum": "0cc34c59e45acfd7876d0e16813cad52"
        },
        {
          "type": "renderModule",
          "assetId": "AuSNwEdbo4sV",
          "checksum": "1fa0886cb26aa8dc85626b5213f09d20"
        },
        {
          "type": "cssRules",
          "assetId": "AuSNwEdbo4sV",
          "checksum": "1fa0886cb26aa8dc85626b5213f09d20"
        },
        {
          "type": "renderModule",
          "assetId": "IDR0sAqN5tth",
          "checksum": "ce75c56da663e0337e6c6d0f8ee71635"
        },
        {
          "type": "cssRules",
          "assetId": "IDR0sAqN5tth",
          "checksum": "ce75c56da663e0337e6c6d0f8ee71635"
        },
        {
          "type": "renderModule",
          "assetId": "C-JgjGWfRxfZ",
          "checksum": "385b773ca23c321dc2c1540c01668fa0"
        },
        {
          "type": "cssRules",
          "assetId": "C-JgjGWfRxfZ",
          "checksum": "385b773ca23c321dc2c1540c01668fa0"
        },
        {
          "type": "renderModule",
          "assetId": "cC7zdFUmFheB",
          "checksum": "045ca66110429332d2074a2b09bcd55a"
        },
        {
          "type": "cssRules",
          "assetId": "cC7zdFUmFheB",
          "checksum": "045ca66110429332d2074a2b09bcd55a"
        },
        {
          "type": "renderModule",
          "assetId": "uyRQIX5cWWVm",
          "checksum": "d230d6a3681b136592b535a106100e9e"
        },
        {
          "type": "cssRules",
          "assetId": "uyRQIX5cWWVm",
          "checksum": "d230d6a3681b136592b535a106100e9e"
        },
        {
          "type": "renderModule",
          "assetId": "Ldv6iXPFQIne",
          "checksum": "f94862be78b9296779f864baca5ea02c"
        },
        {
          "type": "cssRules",
          "assetId": "Ldv6iXPFQIne",
          "checksum": "f94862be78b9296779f864baca5ea02c"
        },
        {
          "type": "renderModule",
          "assetId": "WbPt8L2jActx",
          "checksum": "42156a391084ac07e797eb51dd6ab9cb"
        },
        {
          "type": "cssRules",
          "assetId": "WbPt8L2jActx",
          "checksum": "42156a391084ac07e797eb51dd6ab9cb"
        },
        {
          "type": "renderModule",
          "assetId": "lSLy8Nehd6MM",
          "checksum": "229f326e25d0fb43c8065bbe123cdcc8"
        },
        {
          "type": "cssRules",
          "assetId": "lSLy8Nehd6MM",
          "checksum": "229f326e25d0fb43c8065bbe123cdcc8"
        },
        {
          "type": "renderModule",
          "assetId": "HoSiGshZZrMQ",
          "checksum": "6d9f1edffe4b49e8da13c3e3a74d87cb"
        },
        {
          "type": "cssRules",
          "assetId": "HoSiGshZZrMQ",
          "checksum": "6d9f1edffe4b49e8da13c3e3a74d87cb"
        },
        {
          "type": "renderModule",
          "assetId": "Ita2Jf6_aAkK",
          "checksum": "cc722ab95ef44b0e82b6cccf9f88300a"
        },
        {
          "type": "cssRules",
          "assetId": "Ita2Jf6_aAkK",
          "checksum": "cc722ab95ef44b0e82b6cccf9f88300a"
        },
        {
          "type": "icon",
          "assetId": "BMYyZW6g83gg",
          "checksum": "896aab518d5f60e81c40728257b94285"
        },
        {
          "type": "icon",
          "assetId": "0RFRFbiZZc8Z",
          "checksum": "00c1c0b577a709768d5b7fe17896472e"
        },
        {
          "type": "icon",
          "assetId": "euu18ryAtnAt",
          "checksum": "087237339ea8577d28aa4f3749c53635"
        },
        {
          "type": "icon",
          "assetId": "YNCiTLFL-fSE",
          "checksum": "01703a63b5a7e7aaae1d35ab45540c35"
        },
        {
          "type": "icon",
          "assetId": "VwLeMZcZaumF",
          "checksum": "8b46e97499a4063bb57f8ccadf6fe9a9"
        },
        {
          "type": "icon",
          "assetId": "SUgNEqYWmuPX",
          "checksum": "fb40624207d03361f7bdaf22ea59c0e7"
        },
        {
          "type": "icon",
          "assetId": "vyArbbpHyA3h",
          "checksum": "1f40df3ad441208910f0f2e837e96f8b"
        },
        {
          "type": "icon",
          "assetId": "fNYF7afgfzXN",
          "checksum": "07a1258ee2375d27165a2a9346550681"
        },
        {
          "type": "icon",
          "assetId": "q8mRvXMvOrv9",
          "checksum": "d3a0cf7044d3a8d7c158de666e1ce7fd"
        },
        {
          "type": "icon",
          "assetId": "aBX_x4m3kqGw",
          "checksum": "8f066816a57ef9e50519c0830b1f10d4"
        },
        {
          "type": "icon",
          "assetId": "z62U0rB8gsLE",
          "checksum": "23e920c190611fe4e0373ac28521cc02"
        },
        {
          "type": "icon",
          "assetId": "A_JqnLEABz_O",
          "checksum": "a4376ded696981d827283478c0fa9d98"
        },
        {
          "type": "icon",
          "assetId": "cy5yktmzSZwD",
          "checksum": "0ad368d7b52b3c9be3a6ab00ed81f328"
        },
        {
          "type": "icon",
          "assetId": "-MDfk7M6FyZh",
          "checksum": "900d9b3b585b3019577cd25c93552491"
        },
        {
          "type": "icon",
          "assetId": "myuWpZoZw4pf",
          "checksum": "8d8695e282221c239c57c2e58f0aa06d"
        },
        {
          "type": "icon",
          "assetId": "WD9d-X_nOEzc",
          "checksum": "50c3c2d459322fce89ae6e7012f71336"
        },
        {
          "type": "renderModule",
          "assetId": "hYLHU_pJKp9-",
          "checksum": "7fc0948b306dbe74e5af2ba1497a102d"
        },
        {
          "type": "cssRules",
          "assetId": "hYLHU_pJKp9-",
          "checksum": "7fc0948b306dbe74e5af2ba1497a102d"
        },
        {
          "type": "icon",
          "assetId": "BN2FHeznHhq_",
          "checksum": "ba08d3c99b86512df82d0b72e28ed607"
        },
        {
          "type": "renderModule",
          "assetId": "pk_8VfwTEmq0",
          "checksum": "9c73b38e0a996bce483d01253d142992"
        },
        {
          "type": "cssRules",
          "assetId": "pk_8VfwTEmq0",
          "checksum": "9c73b38e0a996bce483d01253d142992"
        },
        {
          "type": "renderModule",
          "assetId": "51ly1GErXHXh",
          "checksum": "f4988ad21cb3d6daea3df852522a5a12"
        },
        {
          "type": "cssRules",
          "assetId": "51ly1GErXHXh",
          "checksum": "f4988ad21cb3d6daea3df852522a5a12"
        },
        {
          "type": "renderModule",
          "assetId": "afJEDiTUc7Lt",
          "checksum": "5d8c923c8d42dfdc0b4160c72970a4f0"
        },
        {
          "type": "cssRules",
          "assetId": "afJEDiTUc7Lt",
          "checksum": "5d8c923c8d42dfdc0b4160c72970a4f0"
        },
        {
          "type": "renderModule",
          "assetId": "OnraYGfaX_Kh",
          "checksum": "c06b8bffa075ddcf35e9bd229056c812"
        },
        {
          "type": "cssRules",
          "assetId": "OnraYGfaX_Kh",
          "checksum": "c06b8bffa075ddcf35e9bd229056c812"
        },
        {
          "type": "renderModule",
          "assetId": "QMzVdopOLfBM",
          "checksum": "decceb05642b8df479663c88c02eee6c"
        },
        {
          "type": "cssRules",
          "assetId": "QMzVdopOLfBM",
          "checksum": "decceb05642b8df479663c88c02eee6c"
        },
        {
          "type": "renderModule",
          "assetId": "ro6__ROOMy7S",
          "checksum": "0689326f9d7639b30e45b723bb7fef9f"
        },
        {
          "type": "cssRules",
          "assetId": "ro6__ROOMy7S",
          "checksum": "0689326f9d7639b30e45b723bb7fef9f"
        },
        {
          "type": "renderModule",
          "assetId": "aO3nMrtaTkyI",
          "checksum": "d3a271fef022adf7ad44da1239b7160f"
        },
        {
          "type": "cssRules",
          "assetId": "aO3nMrtaTkyI",
          "checksum": "d3a271fef022adf7ad44da1239b7160f"
        },
        {
          "type": "icon",
          "assetId": "5cHhSNd_qbK2",
          "checksum": "d412aa79e2a1a709d7ae3f7f8034a688"
        },
        {
          "type": "renderModule",
          "assetId": "GvtgrqQf9C66",
          "checksum": "1f73c1ef24379843150252f856182a9d"
        },
        {
          "type": "cssRules",
          "assetId": "GvtgrqQf9C66",
          "checksum": "1f73c1ef24379843150252f856182a9d"
        },
        {
          "type": "renderModule",
          "assetId": "QT7G39QHkEwQ",
          "checksum": "5fb9dc6b0e309a990e9ca22745cfea51"
        },
        {
          "type": "cssRules",
          "assetId": "QT7G39QHkEwQ",
          "checksum": "5fb9dc6b0e309a990e9ca22745cfea51"
        },
        {
          "type": "icon",
          "assetId": "jRnh11j7PY60",
          "checksum": "3c1a29f01d32b910ec3f8845be741ca1"
        },
        {
          "type": "renderModule",
          "assetId": "bBN7I3yc6plC",
          "checksum": "2edd70050a763ea1de225a7ed75e2c25"
        },
        {
          "type": "cssRules",
          "assetId": "bBN7I3yc6plC",
          "checksum": "2edd70050a763ea1de225a7ed75e2c25"
        },
        {
          "type": "renderModule",
          "assetId": "SCx7I85imXzG",
          "checksum": "214219835fcc5e71d8111a9732b943dc"
        },
        {
          "type": "cssRules",
          "assetId": "SCx7I85imXzG",
          "checksum": "214219835fcc5e71d8111a9732b943dc"
        },
        {
          "type": "image",
          "assetId": "j1pw1ZfXNSvB",
          "checksum": "ea49f1c72c329b14e94d33beeb065214"
        },
        {
          "type": "image",
          "assetId": "OjzCrWm2xhbS",
          "checksum": "03704ddaa1e38b93e2bdaf93ca7cacf7"
        },
        {
          "type": "renderModule",
          "assetId": "ERjsSdu3ls0T",
          "checksum": "e3828907c2e2460899015c1786ed6a61"
        },
        {
          "type": "cssRules",
          "assetId": "ERjsSdu3ls0T",
          "checksum": "e3828907c2e2460899015c1786ed6a61"
        },
        {
          "type": "renderModule",
          "assetId": "JRdpm2ALL90Q",
          "checksum": "3f240fa85dcfaf3a6c41c6627ac5a49c"
        },
        {
          "type": "cssRules",
          "assetId": "JRdpm2ALL90Q",
          "checksum": "3f240fa85dcfaf3a6c41c6627ac5a49c"
        },
        {
          "type": "renderModule",
          "assetId": "RPoKJwDI8F3t",
          "checksum": "56cc5d7728bea04a8ced97e0a2da7993"
        },
        {
          "type": "cssRules",
          "assetId": "RPoKJwDI8F3t",
          "checksum": "56cc5d7728bea04a8ced97e0a2da7993"
        },
        {
          "type": "renderModule",
          "assetId": "s9QYwyQBTqhJ",
          "checksum": "ee9719cf6d85df890168b0b031050158"
        },
        {
          "type": "cssRules",
          "assetId": "s9QYwyQBTqhJ",
          "checksum": "ee9719cf6d85df890168b0b031050158"
        },
        {
          "assetId": "9g1e5LLLDS4TGJiaFCSEyH",
          "type": "projectCss",
          "checksum": "f4ee4fc236ef3e28ca20f89d0dd0dc9f"
        }
      ],
      "codegenVersion": "0.0.1"
    },
    {
      "projectId": "a3pmZtcpA5asHkNtN3SGoF",
      "version": "0.3.0",
      "dependencies": {},
      "lang": "ts",
      "fileLocks": [
        {
          "assetId": "a3pmZtcpA5asHkNtN3SGoF",
          "type": "projectCss",
          "checksum": "e1ec850476829c38b0f9b6d4f7ac446a"
        }
      ],
      "codegenVersion": "0.0.1"
    },
    {
      "projectId": "ohDidvG9XsCeFumugENU3J",
      "version": "6.24.0",
      "dependencies": {},
      "lang": "ts",
      "fileLocks": [
        {
          "assetId": "ohDidvG9XsCeFumugENU3J",
          "type": "projectCss",
          "checksum": "fd83b730367fdbde2c69bc6cf31c2a3c"
        },
        {
          "assetId": "ohDidvG9XsCeFumugENU3J",
          "checksum": "de0a0e65174a6a185a8f822af51c6bdd",
          "type": "globalContexts"
        }
      ],
      "codegenVersion": "0.0.1"
    }
  ],
  "cliVersion": "0.1.330"
}
